
Microsoft Visual Studio Solution File, Format Version 12.00
# Visual Studio 15
VisualStudioVersion = 15.0.27130.2036
MinimumVisualStudioVersion = 10.0.40219.1
Project("{FAE04EC0-301F-11D3-BF4B-00C04F79EFBC}") = "totalclean", "totalclean\totalclean.csproj", "{1C25BD89-4656-4F4D-AF97-53A439AAA0E0}"
EndProject
Global
	GlobalSection(SolutionConfigurationPlatforms) = preSolution
		Debug|Any CPU = Debug|Any CPU
		Release|Any CPU = Release|Any CPU
	EndGlobalSection
	GlobalSection(ProjectConfigurationPlatforms) = postSolution
		{1C25BD89-4656-4F4D-AF97-53A439AAA0E0}.Debug|Any CPU.ActiveCfg = Debug|Any CPU
		{1C25BD89-4656-4F4D-AF97-53A439AAA0E0}.Debug|Any CPU.Build.0 = Debug|Any CPU
		{1C25BD89-4656-4F4D-AF97-53A439AAA0E0}.Release|Any CPU.ActiveCfg = Release|Any CPU
		{1C25BD89-4656-4F4D-AF97-53A439AAA0E0}.Release|Any CPU.Build.0 = Release|Any CPU
	EndGlobalSection
	GlobalSection(SolutionProperties) = preSolution
		HideSolutionNode = FALSE
	EndGlobalSection
	GlobalSection(ExtensibilityGlobals) = postSolution
		SolutionGuid = {78810E25-BF5D-4489-BFCC-750BBD225ED4}
	EndGlobalSection
EndGlobal
